
Microsoft Visual Studio Solution File, Format Version 12.00
# Visual Studio Version 17
VisualStudioVersion = 17.11.35219.272
MinimumVisualStudioVersion = 10.0.40219.1
Project("{FAE04EC0-301F-11D3-BF4B-00C04F79EFBC}") = "SpaceFillingAddIn", "SpaceFillingAddIn\SpaceFillingAddIn.csproj", "{486B29D0-B4C3-407F-A4A3-726E4555E8D0}"
EndProject
Global
	GlobalSection(SolutionConfigurationPlatforms) = preSolution
		Debug|Any CPU = Debug|Any CPU
		Release|Any CPU = Release|Any CPU
	EndGlobalSection
	GlobalSection(ProjectConfigurationPlatforms) = postSolution
		{486B29D0-B4C3-407F-A4A3-726E4555E8D0}.Debug|Any CPU.ActiveCfg = Debug|Any CPU
		{486B29D0-B4C3-407F-A4A3-726E4555E8D0}.Debug|Any CPU.Build.0 = Debug|Any CPU
		{486B29D0-B4C3-407F-A4A3-726E4555E8D0}.Release|Any CPU.ActiveCfg = Release|Any CPU
		{486B29D0-B4C3-407F-A4A3-726E4555E8D0}.Release|Any CPU.Build.0 = Release|Any CPU
	EndGlobalSection
	GlobalSection(SolutionProperties) = preSolution
		HideSolutionNode = FALSE
	EndGlobalSection
	GlobalSection(ExtensibilityGlobals) = postSolution
		SolutionGuid = {E476C7CE-66BE-4CDF-9735-510140756C81}
	EndGlobalSection
EndGlobal
